# This file is autogenerated, do not edit; changes may be undone by the next 'dep ensure'.


[[projects]]
  digest = "1:9f3b30d9f8e0d7040f729b82dcbc8f0dead820a133b3147ce355fc451f32d761"
  name = "github.com/BurntSushi/toml"
  packages = ["."]
  pruneopts = "UT"
  revision = "3012a1dbe2e4bd1391d42b32f0577cb7bbc7f005"
  version = "v0.3.1"

[[projects]]
  branch = "master"
  digest = "1:012ffde5a763e0ede05272a666f04001436939e21072a01c49465d2d4eceae87"
  name = "github.com/HolyGhost07/runcmd"
  packages = ["."]
  pruneopts = "UT"
  revision = "0ad18ec611caeaab08dc1844fa9396e2a3a3135d"

[[projects]]
  branch = "master"
  digest = "1:6d62e63739978db33bec07baa1284898d0392c3e9db2c02d9e7e156d5296c783"
  name = "github.com/HolyGhost07/zfs"
  packages = ["."]
  pruneopts = "UT"
  revision = "8072034a399366a00ba6f14e75b695860f8dfd52"

[[projects]]
  digest = "1:abaaa7489a2f0f3afb2adc8ea1a282a5bd52350b87b26da220c94fc778d6d63b"
  name = "github.com/docopt/docopt-go"
  packages = ["."]
  pruneopts = "UT"
  revision = "784ddc588536785e7299f7272f39101f7faccc3f"
  version = "0.6.2"

[[projects]]
  digest = "1:5b3b29ce0e569f62935d9541dff2e16cc09df981ebde48e82259076a73a3d0c7"
  name = "github.com/op/go-logging"
  packages = ["."]
  pruneopts = "UT"
  revision = "b2cb9fa56473e98db8caba80237377e83fe44db5"
  version = "v1"

[[projects]]
  branch = "master"
  digest = "1:4fcc2642b79154894b404300e290f7967dcacd069b22b74867015b32da89aa42"
  name = "github.com/reconquest/hierr-go"
  packages = ["."]
  pruneopts = "UT"
  revision = "7d09c0176fd2bb7fd71a4349d1253eef9edb2c5c"

[[projects]]
  branch = "master"
  digest = "1:894b94c9dc3ad106e1dc9293d3c2723aa90b25ab0231e0ec30e3b51a585a3b6f"
  name = "github.com/reconquest/nopio-go"
  packages = ["."]
  pruneopts = "UT"
  revision = "20796acb207fce14f8be08ca8fe6a71dd544a0b9"

[[projects]]
  branch = "master"
  digest = "1:c8e85aa50375b30b54a842daf7ecd59d8748dda70982c4790d5745ab12ec7db0"
  name = "github.com/reconquest/ser-go"
  packages = ["."]
  pruneopts = "UT"
  revision = "0d1f485292ce6f9a2e2b9bcd567664659c19a053"

[[projects]]
  branch = "master"
  digest = "1:082c538aa8ca5e086d5d20ec16417e7fca237de2c4146485e02aa09989d0ff38"
  name = "golang.org/x/crypto"
  packages = [
    "curve25519",
    "ed25519",
    "ed25519/internal/edwards25519",
    "internal/chacha20",
    "internal/subtle",
    "poly1305",
    "ssh",
  ]
  pruneopts = "UT"
  revision = "ff983b9c42bc9fbf91556e191cc8efb585c16908"

[solve-meta]
  analyzer-name = "dep"
  analyzer-version = 1
  input-imports = [
    "github.com/BurntSushi/toml",
    "github.com/HolyGhost07/runcmd",
    "github.com/HolyGhost07/zfs",
    "github.com/docopt/docopt-go",
    "github.com/op/go-logging",
  ]
  solver-name = "gps-cdcl"
  solver-version = 1
